
Microsoft Visual Studio Solution File, Format Version 12.00
# Visual Studio Version 16
VisualStudioVersion = 16.0.30907.101
MinimumVisualStudioVersion = 10.0.40219.1
Project("{FAE04EC0-301F-11D3-BF4B-00C04F79EFBC}") = "ex01", "ex01\ex01.csproj", "{3E0C3A52-6923-463F-8DFA-C8FC8C033776}"
EndProject
Global
	GlobalSection(SolutionConfigurationPlatforms) = preSolution
		Debug|Any CPU = Debug|Any CPU
		Release|Any CPU = Release|Any CPU
	EndGlobalSection
	GlobalSection(ProjectConfigurationPlatforms) = postSolution
		{3E0C3A52-6923-463F-8DFA-C8FC8C033776}.Debug|Any CPU.ActiveCfg = Debug|Any CPU
		{3E0C3A52-6923-463F-8DFA-C8FC8C033776}.Debug|Any CPU.Build.0 = Debug|Any CPU
		{3E0C3A52-6923-463F-8DFA-C8FC8C033776}.Release|Any CPU.ActiveCfg = Release|Any CPU
		{3E0C3A52-6923-463F-8DFA-C8FC8C033776}.Release|Any CPU.Build.0 = Release|Any CPU
	EndGlobalSection
	GlobalSection(SolutionProperties) = preSolution
		HideSolutionNode = FALSE
	EndGlobalSection
	GlobalSection(ExtensibilityGlobals) = postSolution
		SolutionGuid = {84DBED0D-F17B-4C11-8053-DC095EAE9DCC}
	EndGlobalSection
EndGlobal
