
Microsoft Visual Studio Solution File, Format Version 12.00
# Visual Studio Version 16
VisualStudioVersion = 16.0.30907.101
MinimumVisualStudioVersion = 10.0.40219.1
Project("{FAE04EC0-301F-11D3-BF4B-00C04F79EFBC}") = "triangleArea", "triangleArea\triangleArea.csproj", "{EAF8D1C4-449C-4321-AEB4-8A6C666103C1}"
EndProject
Global
	GlobalSection(SolutionConfigurationPlatforms) = preSolution
		Debug|Any CPU = Debug|Any CPU
		Release|Any CPU = Release|Any CPU
	EndGlobalSection
	GlobalSection(ProjectConfigurationPlatforms) = postSolution
		{EAF8D1C4-449C-4321-AEB4-8A6C666103C1}.Debug|Any CPU.ActiveCfg = Debug|Any CPU
		{EAF8D1C4-449C-4321-AEB4-8A6C666103C1}.Debug|Any CPU.Build.0 = Debug|Any CPU
		{EAF8D1C4-449C-4321-AEB4-8A6C666103C1}.Release|Any CPU.ActiveCfg = Release|Any CPU
		{EAF8D1C4-449C-4321-AEB4-8A6C666103C1}.Release|Any CPU.Build.0 = Release|Any CPU
	EndGlobalSection
	GlobalSection(SolutionProperties) = preSolution
		HideSolutionNode = FALSE
	EndGlobalSection
	GlobalSection(ExtensibilityGlobals) = postSolution
		SolutionGuid = {5F1CF083-D799-4EF6-8E75-187513BE8776}
	EndGlobalSection
EndGlobal
